
Microsoft Visual Studio Solution File, Format Version 12.00
Project("{FAE04EC0-301F-11D3-BF4B-00C04F79EFBC}") = "GoodLinksParser", "GoodLinksParser\GoodLinksParser.csproj", "{9942A3CC-CAA4-41E8-90A1-07C3456C262C}"
EndProject
Global
	GlobalSection(SolutionConfigurationPlatforms) = preSolution
		Debug|Any CPU = Debug|Any CPU
		Release|Any CPU = Release|Any CPU
	EndGlobalSection
	GlobalSection(ProjectConfigurationPlatforms) = postSolution
		{9942A3CC-CAA4-41E8-90A1-07C3456C262C}.Debug|Any CPU.ActiveCfg = Debug|Any CPU
		{9942A3CC-CAA4-41E8-90A1-07C3456C262C}.Debug|Any CPU.Build.0 = Debug|Any CPU
		{9942A3CC-CAA4-41E8-90A1-07C3456C262C}.Release|Any CPU.ActiveCfg = Release|Any CPU
		{9942A3CC-CAA4-41E8-90A1-07C3456C262C}.Release|Any CPU.Build.0 = Release|Any CPU
	EndGlobalSection
EndGlobal
